<?xml version="1.0" encoding="utf-8"?>
<Project ToolsVersion="4.0" xmlns="http://schemas.microsoft.com/developer/msbuild/2003">
  <ItemGroup>
    <Filter Include="Source Files">
      <UniqueIdentifier>{D1551B00-FCF8-4460-AA32-EDB6294CF1A7}</UniqueIdentifier>
    </Filter>
  </ItemGroup>
  <ItemGroup>
    <ClInclude Include="ImageViewer\ATC3DG.h">
      <Filter>Source Files</Filter>
    </ClInclude>
    <ClInclude Include="ImageViewer\ImageSlicing.h">
      <Filter>Source Files</Filter>
    </ClInclude>
    <ClInclude Include="ImageViewer\ImageViewer.h">
      <Filter>Source Files</Filter>
    </ClInclude>
    <ClInclude Include="ImageViewer\VideoPlayer.h">
      <Filter>Source Files</Filter>
    </ClInclude>
  </ItemGroup>
  <ItemGroup>
    <Library Include="ImageViewer\ATC3DG64.lib">
      <Filter>Source Files</Filter>
    </Library>
  </ItemGroup>
  <ItemGroup>
    <ClCompile Include="ImageViewer\ImageSlicing.cxx">
      <Filter>Source Files</Filter>
    </ClCompile>
    <ClCompile Include="ImageViewer\ImageViewer.cxx">
      <Filter>Source Files</Filter>
    </ClCompile>
    <ClCompile Include="ImageViewer\VideoPlayer.cpp">
      <Filter>Source Files</Filter>
    </ClCompile>
  </ItemGroup>
</Project>